// !$*UTF8*$!
{
	archiveVersion = 1;
	classes = {
	};
	objectVersion = 46;
	objects = {

/* Begin PBXBuildFile section */
		8744F5FD365810FBE8BDADB0 /* Pods_stickynotes.framework in Frameworks */ = {isa = PBXBuildFile; fileRef = 09F799D75FAC6207EF775F8B /* Pods_stickynotes.framework */; };
		D326502F1CB728D30049E61E /* ssl.crt in Resources */ = {isa = PBXBuildFile; fileRef = D326502E1CB728D30049E61E /* ssl.crt */; };
		D388474B1C7D4DDF00160FE6 /* Main.storyboard in Resources */ = {isa = PBXBuildFile; fileRef = D38847491C7D4DDF00160FE6 /* Main.storyboard */; };
		D388474D1C7D4DDF00160FE6 /* Assets.xcassets in Resources */ = {isa = PBXBuildFile; fileRef = D388474C1C7D4DDF00160FE6 /* Assets.xcassets */; };
		D38847501C7D4DDF00160FE6 /* LaunchScreen.storyboard in Resources */ = {isa = PBXBuildFile; fileRef = D388474E1C7D4DDF00160FE6 /* LaunchScreen.storyboard */; };
		D3BF6C7D1D1C8E6C00055E02 /* StickyNotesViewController.swift in Sources */ = {isa = PBXBuildFile; fileRef = D3BF6C7C1D1C8E6C00055E02 /* StickyNotesViewController.swift */; };
		D3F2FCFF1D1C883400F82622 /* AppDelegate.swift in Sources */ = {isa = PBXBuildFile; fileRef = D3F2FCFE1D1C883400F82622 /* AppDelegate.swift */; };
/* End PBXBuildFile section */

/* Begin PBXFileReference section */
		09F799D75FAC6207EF775F8B /* Pods_stickynotes.framework */ = {isa = PBXFileReference; explicitFileType = wrapper.framework; includeInIndex = 0; path = Pods_stickynotes.framework; sourceTree = BUILT_PRODUCTS_DIR; };
		A60C46477F8582DE2AC0DE14 /* Pods-stickynotes.debug.xcconfig */ = {isa = PBXFileReference; includeInIndex = 1; lastKnownFileType = text.xcconfig; name = "Pods-stickynotes.debug.xcconfig"; path = "Pods/Target Support Files/Pods-stickynotes/Pods-stickynotes.debug.xcconfig"; sourceTree = "<group>"; };
		CE8894E3BD4800E7DC24DB06 /* Pods-stickynotes.release.xcconfig */ = {isa = PBXFileReference; includeInIndex = 1; lastKnownFileType = text.xcconfig; name = "Pods-stickynotes.release.xcconfig"; path = "Pods/Target Support Files/Pods-stickynotes/Pods-stickynotes.release.xcconfig"; sourceTree = "<group>"; };
		D326502E1CB728D30049E61E /* ssl.crt */ = {isa = PBXFileReference; fileEncoding = 4; lastKnownFileType = text; path = ssl.crt; sourceTree = "<group>"; };
		D388473D1C7D4DDE00160FE6 /* stickynotes.app */ = {isa = PBXFileReference; explicitFileType = wrapper.application; includeInIndex = 0; path = stickynotes.app; sourceTree = BUILT_PRODUCTS_DIR; };
		D388474A1C7D4DDF00160FE6 /* Base */ = {isa = PBXFileReference; lastKnownFileType = file.storyboard; name = Base; path = Base.lproj/Main.storyboard; sourceTree = "<group>"; };
		D388474C1C7D4DDF00160FE6 /* Assets.xcassets */ = {isa = PBXFileReference; lastKnownFileType = folder.assetcatalog; path = Assets.xcassets; sourceTree = "<group>"; };
		D388474F1C7D4DDF00160FE6 /* Base */ = {isa = PBXFileReference; lastKnownFileType = file.storyboard; name = Base; path = Base.lproj/LaunchScreen.storyboard; sourceTree = "<group>"; };
		D38847511C7D4DDF00160FE6 /* Info.plist */ = {isa = PBXFileReference; lastKnownFileType = text.plist.xml; path = Info.plist; sourceTree = "<group>"; };
		D3BF6C7C1D1C8E6C00055E02 /* StickyNotesViewController.swift */ = {isa = PBXFileReference; fileEncoding = 4; lastKnownFileType = sourcecode.swift; path = StickyNotesViewController.swift; sourceTree = "<group>"; };
		D3F2FCFD1D1C883300F82622 /* stickynotes-Bridging-Header.h */ = {isa = PBXFileReference; lastKnownFileType = sourcecode.c.h; path = "stickynotes-Bridging-Header.h"; sourceTree = "<group>"; };
		D3F2FCFE1D1C883400F82622 /* AppDelegate.swift */ = {isa = PBXFileReference; fileEncoding = 4; lastKnownFileType = sourcecode.swift; path = AppDelegate.swift; sourceTree = "<group>"; };
/* End PBXFileReference section */

/* Begin PBXFrameworksBuildPhase section */
		D388473A1C7D4DDE00160FE6 /* Frameworks */ = {
			isa = PBXFrameworksBuildPhase;
			buildActionMask = 2147483647;
			files = (
				8744F5FD365810FBE8BDADB0 /* Pods_stickynotes.framework in Frameworks */,
			);
			runOnlyForDeploymentPostprocessing = 0;
		};
/* End PBXFrameworksBuildPhase section */

/* Begin PBXGroup section */
		460EAF5BF0A936047ECCCF17 /* Frameworks */ = {
			isa = PBXGroup;
			children = (
				09F799D75FAC6207EF775F8B /* Pods_stickynotes.framework */,
			);
			name = Frameworks;
			sourceTree = "<group>";
		};
		CA3FB0F9A8C122C01A68629D /* Pods */ = {
			isa = PBXGroup;
			children = (
				A60C46477F8582DE2AC0DE14 /* Pods-stickynotes.debug.xcconfig */,
				CE8894E3BD4800E7DC24DB06 /* Pods-stickynotes.release.xcconfig */,
			);
			name = Pods;
			sourceTree = "<group>";
		};
		D38847341C7D4DDE00160FE6 = {
			isa = PBXGroup;
			children = (
				D388473F1C7D4DDF00160FE6 /* stickynotes */,
				D388473E1C7D4DDE00160FE6 /* Products */,
				CA3FB0F9A8C122C01A68629D /* Pods */,
				460EAF5BF0A936047ECCCF17 /* Frameworks */,
			);
			sourceTree = "<group>";
		};
		D388473E1C7D4DDE00160FE6 /* Products */ = {
			isa = PBXGroup;
			children = (
				D388473D1C7D4DDE00160FE6 /* stickynotes.app */,
			);
			name = Products;
			sourceTree = "<group>";
		};
		D388473F1C7D4DDF00160FE6 /* stickynotes */ = {
			isa = PBXGroup;
			children = (
				D326502E1CB728D30049E61E /* ssl.crt */,
				D38847491C7D4DDF00160FE6 /* Main.storyboard */,
				D388474C1C7D4DDF00160FE6 /* Assets.xcassets */,
				D388474E1C7D4DDF00160FE6 /* LaunchScreen.storyboard */,
				D38847511C7D4DDF00160FE6 /* Info.plist */,
				D38847401C7D4DDF00160FE6 /* Supporting Files */,
				D3F2FCFE1D1C883400F82622 /* AppDelegate.swift */,
				D3F2FCFD1D1C883300F82622 /* stickynotes-Bridging-Header.h */,
				D3BF6C7C1D1C8E6C00055E02 /* StickyNotesViewController.swift */,
			);
			path = stickynotes;
			sourceTree = "<group>";
		};
		D38847401C7D4DDF00160FE6 /* Supporting Files */ = {
			isa = PBXGroup;
			children = (
			);
			name = "Supporting Files";
			sourceTree = "<group>";
		};
/* End PBXGroup section */

/* Begin PBXNativeTarget section */
		D388473C1C7D4DDE00160FE6 /* stickynotes */ = {
			isa = PBXNativeTarget;
			buildConfigurationList = D38847541C7D4DDF00160FE6 /* Build configuration list for PBXNativeTarget "stickynotes" */;
			buildPhases = (
				B247DFB332041C025A9A229E /* 📦 Check Pods Manifest.lock */,
				D38847391C7D4DDE00160FE6 /* Sources */,
				D388473A1C7D4DDE00160FE6 /* Frameworks */,
				D388473B1C7D4DDE00160FE6 /* Resources */,
				D34D1815DF819784DA463896 /* 📦 Embed Pods Frameworks */,
				6955E72BB96EDAE03559C7CD /* 📦 Copy Pods Resources */,
			);
			buildRules = (
			);
			dependencies = (
			);
			name = stickynotes;
			productName = stickynotes;
			productReference = D388473D1C7D4DDE00160FE6 /* stickynotes.app */;
			productType = "com.apple.product-type.application";
		};
/* End PBXNativeTarget section */

/* Begin PBXProject section */
		D38847351C7D4DDE00160FE6 /* Project object */ = {
			isa = PBXProject;
			attributes = {
				LastUpgradeCheck = 0800;
				ORGANIZATIONNAME = Google;
				TargetAttributes = {
					D388473C1C7D4DDE00160FE6 = {
						CreatedOnToolsVersion = 7.2;
						LastSwiftMigration = 0800;
					};
				};
			};
			buildConfigurationList = D38847381C7D4DDE00160FE6 /* Build configuration list for PBXProject "stickynotes" */;
			compatibilityVersion = "Xcode 3.2";
			developmentRegion = English;
			hasScannedForEncodings = 0;
			knownRegions = (
				en,
				Base,
			);
			mainGroup = D38847341C7D4DDE00160FE6;
			productRefGroup = D388473E1C7D4DDE00160FE6 /* Products */;
			projectDirPath = "";
			projectRoot = "";
			targets = (
				D388473C1C7D4DDE00160FE6 /* stickynotes */,
			);
		};
/* End PBXProject section */

/* Begin PBXResourcesBuildPhase section */
		D388473B1C7D4DDE00160FE6 /* Resources */ = {
			isa = PBXResourcesBuildPhase;
			buildActionMask = 2147483647;
			files = (
				D38847501C7D4DDF00160FE6 /* LaunchScreen.storyboard in Resources */,
				D326502F1CB728D30049E61E /* ssl.crt in Resources */,
				D388474D1C7D4DDF00160FE6 /* Assets.xcassets in Resources */,
				D388474B1C7D4DDF00160FE6 /* Main.storyboard in Resources */,
			);
			runOnlyForDeploymentPostprocessing = 0;
		};
/* End PBXResourcesBuildPhase section */

/* Begin PBXShellScriptBuildPhase section */
		6955E72BB96EDAE03559C7CD /* 📦 Copy Pods Resources */ = {
			isa = PBXShellScriptBuildPhase;
			buildActionMask = 2147483647;
			files = (
			);
			inputPaths = (
			);
			name = "📦 Copy Pods Resources";
			outputPaths = (
			);
			runOnlyForDeploymentPostprocessing = 0;
			shellPath = /bin/sh;
			shellScript = "\"${SRCROOT}/Pods/Target Support Files/Pods-stickynotes/Pods-stickynotes-resources.sh\"\n";
			showEnvVarsInLog = 0;
		};
		B247DFB332041C025A9A229E /* 📦 Check Pods Manifest.lock */ = {
			isa = PBXShellScriptBuildPhase;
			buildActionMask = 2147483647;
			files = (
			);
			inputPaths = (
			);
			name = "📦 Check Pods Manifest.lock";
			outputPaths = (
			);
			runOnlyForDeploymentPostprocessing = 0;
			shellPath = /bin/sh;
			shellScript = "diff \"${PODS_ROOT}/../Podfile.lock\" \"${PODS_ROOT}/Manifest.lock\" > /dev/null\nif [[ $? != 0 ]] ; then\n    cat << EOM\nerror: The sandbox is not in sync with the Podfile.lock. Run 'pod install' or update your CocoaPods installation.\nEOM\n    exit 1\nfi\n";
			showEnvVarsInLog = 0;
		};
		D34D1815DF819784DA463896 /* 📦 Embed Pods Frameworks */ = {
			isa = PBXShellScriptBuildPhase;
			buildActionMask = 2147483647;
			files = (
			);
			inputPaths = (
			);
			name = "📦 Embed Pods Frameworks";
			outputPaths = (
			);
			runOnlyForDeploymentPostprocessing = 0;
			shellPath = /bin/sh;
			shellScript = "\"${SRCROOT}/Pods/Target Support Files/Pods-stickynotes/Pods-stickynotes-frameworks.sh\"\n";
			showEnvVarsInLog = 0;
		};
/* End PBXShellScriptBuildPhase section */

/* Begin PBXSourcesBuildPhase section */
		D38847391C7D4DDE00160FE6 /* Sources */ = {
			isa = PBXSourcesBuildPhase;
			buildActionMask = 2147483647;
			files = (
				D3F2FCFF1D1C883400F82622 /* AppDelegate.swift in Sources */,
				D3BF6C7D1D1C8E6C00055E02 /* StickyNotesViewController.swift in Sources */,
			);
			runOnlyForDeploymentPostprocessing = 0;
		};
/* End PBXSourcesBuildPhase section */

/* Begin PBXVariantGroup section */
		D38847491C7D4DDF00160FE6 /* Main.storyboard */ = {
			isa = PBXVariantGroup;
			children = (
				D388474A1C7D4DDF00160FE6 /* Base */,
			);
			name = Main.storyboard;
			sourceTree = "<group>";
		};
		D388474E1C7D4DDF00160FE6 /* LaunchScreen.storyboard */ = {
			isa = PBXVariantGroup;
			children = (
				D388474F1C7D4DDF00160FE6 /* Base */,
			);
			name = LaunchScreen.storyboard;
			sourceTree = "<group>";
		};
/* End PBXVariantGroup section */

/* Begin XCBuildConfiguration section */
		D38847521C7D4DDF00160FE6 /* Debug */ = {
			isa = XCBuildConfiguration;
			buildSettings = {
				ALWAYS_SEARCH_USER_PATHS = NO;
				CLANG_CXX_LANGUAGE_STANDARD = "gnu++0x";
				CLANG_CXX_LIBRARY = "libc++";
				CLANG_ENABLE_MODULES = YES;
				CLANG_ENABLE_OBJC_ARC = YES;
				CLANG_WARN_BOOL_CONVERSION = YES;
				CLANG_WARN_CONSTANT_CONVERSION = YES;
				CLANG_WARN_DIRECT_OBJC_ISA_USAGE = YES_ERROR;
				CLANG_WARN_EMPTY_BODY = YES;
				CLANG_WARN_ENUM_CONVERSION = YES;
				CLANG_WARN_INFINITE_RECURSION = YES;
				CLANG_WARN_INT_CONVERSION = YES;
				CLANG_WARN_OBJC_ROOT_CLASS = YES_ERROR;
				CLANG_WARN_SUSPICIOUS_MOVE = YES;
				CLANG_WARN_UNREACHABLE_CODE = YES;
				CLANG_WARN__DUPLICATE_METHOD_MATCH = YES;
				"CODE_SIGN_IDENTITY[sdk=iphoneos*]" = "iPhone Developer";
				COPY_PHASE_STRIP = NO;
				DEBUG_INFORMATION_FORMAT = dwarf;
				ENABLE_STRICT_OBJC_MSGSEND = YES;
				ENABLE_TESTABILITY = YES;
				GCC_C_LANGUAGE_STANDARD = gnu99;
				GCC_DYNAMIC_NO_PIC = NO;
				GCC_NO_COMMON_BLOCKS = YES;
				GCC_OPTIMIZATION_LEVEL = 0;
				GCC_PREPROCESSOR_DEFINITIONS = (
					"DEBUG=1",
					"$(inherited)",
				);
				GCC_WARN_64_TO_32_BIT_CONVERSION = YES;
				GCC_WARN_ABOUT_RETURN_TYPE = YES_ERROR;
				GCC_WARN_UNDECLARED_SELECTOR = YES;
				GCC_WARN_UNINITIALIZED_AUTOS = YES_AGGRESSIVE;
				GCC_WARN_UNUSED_FUNCTION = YES;
				GCC_WARN_UNUSED_VARIABLE = YES;
				IPHONEOS_DEPLOYMENT_TARGET = 9.2;
				MTL_ENABLE_DEBUG_INFO = YES;
				ONLY_ACTIVE_ARCH = YES;
				SDKROOT = iphoneos;
				TARGETED_DEVICE_FAMILY = "1,2";
			};
			name = Debug;
		};
		D38847531C7D4DDF00160FE6 /* Release */ = {
			isa = XCBuildConfiguration;
			buildSettings = {
				ALWAYS_SEARCH_USER_PATHS = NO;
				CLANG_CXX_LANGUAGE_STANDARD = "gnu++0x";
				CLANG_CXX_LIBRARY = "libc++";
				CLANG_ENABLE_MODULES = YES;
				CLANG_ENABLE_OBJC_ARC = YES;
				CLANG_WARN_BOOL_CONVERSION = YES;
				CLANG_WARN_CONSTANT_CONVERSION = YES;
				CLANG_WARN_DIRECT_OBJC_ISA_USAGE = YES_ERROR;
				CLANG_WARN_EMPTY_BODY = YES;
				CLANG_WARN_ENUM_CONVERSION = YES;
				CLANG_WARN_INFINITE_RECURSION = YES;
				CLANG_WARN_INT_CONVERSION = YES;
				CLANG_WARN_OBJC_ROOT_CLASS = YES_ERROR;
				CLANG_WARN_SUSPICIOUS_MOVE = YES;
				CLANG_WARN_UNREACHABLE_CODE = YES;
				CLANG_WARN__DUPLICATE_METHOD_MATCH = YES;
				"CODE_SIGN_IDENTITY[sdk=iphoneos*]" = "iPhone Developer";
				COPY_PHASE_STRIP = NO;
				DEBUG_INFORMATION_FORMAT = "dwarf-with-dsym";
				ENABLE_NS_ASSERTIONS = NO;
				ENABLE_STRICT_OBJC_MSGSEND = YES;
				GCC_C_LANGUAGE_STANDARD = gnu99;
				GCC_NO_COMMON_BLOCKS = YES;
				GCC_WARN_64_TO_32_BIT_CONVERSION = YES;
				GCC_WARN_ABOUT_RETURN_TYPE = YES_ERROR;
				GCC_WARN_UNDECLARED_SELECTOR = YES;
				GCC_WARN_UNINITIALIZED_AUTOS = YES_AGGRESSIVE;
				GCC_WARN_UNUSED_FUNCTION = YES;
				GCC_WARN_UNUSED_VARIABLE = YES;
				IPHONEOS_DEPLOYMENT_TARGET = 9.2;
				MTL_ENABLE_DEBUG_INFO = NO;
				SDKROOT = iphoneos;
				TARGETED_DEVICE_FAMILY = "1,2";
				VALIDATE_PRODUCT = YES;
			};
			name = Release;
		};
		D38847551C7D4DDF00160FE6 /* Debug */ = {
			isa = XCBuildConfiguration;
			baseConfigurationReference = A60C46477F8582DE2AC0DE14 /* Pods-stickynotes.debug.xcconfig */;
			buildSettings = {
				ASSETCATALOG_COMPILER_APPICON_NAME = AppIcon;
				CLANG_ENABLE_MODULES = YES;
				INFOPLIST_FILE = stickynotes/Info.plist;
				LD_RUNPATH_SEARCH_PATHS = "$(inherited) @executable_path/Frameworks";
				PRODUCT_BUNDLE_IDENTIFIER = com.google.stickynotes;
				PRODUCT_NAME = "$(TARGET_NAME)";
				SWIFT_OBJC_BRIDGING_HEADER = "stickynotes/stickynotes-Bridging-Header.h";
				SWIFT_OPTIMIZATION_LEVEL = "-Onone";
				SWIFT_VERSION = 3.0;
			};
			name = Debug;
		};
		D38847561C7D4DDF00160FE6 /* Release */ = {
			isa = XCBuildConfiguration;
			baseConfigurationReference = CE8894E3BD4800E7DC24DB06 /* Pods-stickynotes.release.xcconfig */;
			buildSettings = {
				ASSETCATALOG_COMPILER_APPICON_NAME = AppIcon;
				CLANG_ENABLE_MODULES = YES;
				INFOPLIST_FILE = stickynotes/Info.plist;
				LD_RUNPATH_SEARCH_PATHS = "$(inherited) @executable_path/Frameworks";
				PRODUCT_BUNDLE_IDENTIFIER = com.google.stickynotes;
				PRODUCT_NAME = "$(TARGET_NAME)";
				SWIFT_OBJC_BRIDGING_HEADER = "stickynotes/stickynotes-Bridging-Header.h";
				SWIFT_OPTIMIZATION_LEVEL = "-Owholemodule";
				SWIFT_VERSION = 3.0;
			};
			name = Release;
		};
/* End XCBuildConfiguration section */

/* Begin XCConfigurationList section */
		D38847381C7D4DDE00160FE6 /* Build configuration list for PBXProject "stickynotes" */ = {
			isa = XCConfigurationList;
			buildConfigurations = (
				D38847521C7D4DDF00160FE6 /* Debug */,
				D38847531C7D4DDF00160FE6 /* Release */,
			);
			defaultConfigurationIsVisible = 0;
			defaultConfigurationName = Release;
		};
		D38847541C7D4DDF00160FE6 /* Build configuration list for PBXNativeTarget "stickynotes" */ = {
			isa = XCConfigurationList;
			buildConfigurations = (
				D38847551C7D4DDF00160FE6 /* Debug */,
				D38847561C7D4DDF00160FE6 /* Release */,
			);
			defaultConfigurationIsVisible = 0;
			defaultConfigurationName = Release;
		};
/* End XCConfigurationList section */
	};
	rootObject = D38847351C7D4DDE00160FE6 /* Project object */;
}
