// !$*UTF8*$!
{
	archiveVersion = 1;
	classes = {
	};
	objectVersion = 46;
	objects = {

/* Begin PBXBuildFile section */
		D33ECD6A1D1EE603008E2547 /* GCPLifeView.swift in Sources */ = {isa = PBXBuildFile; fileRef = D3EE57131D1DFDB1006B1D89 /* GCPLifeView.swift */; };
		D3EE57051D1DFD38006B1D89 /* AppDelegate.swift in Sources */ = {isa = PBXBuildFile; fileRef = D3EE57041D1DFD38006B1D89 /* AppDelegate.swift */; };
		D3EE57071D1DFD38006B1D89 /* ViewController.swift in Sources */ = {isa = PBXBuildFile; fileRef = D3EE57061D1DFD38006B1D89 /* ViewController.swift */; };
		D3EE57091D1DFD38006B1D89 /* Assets.xcassets in Resources */ = {isa = PBXBuildFile; fileRef = D3EE57081D1DFD38006B1D89 /* Assets.xcassets */; };
		D3EE570C1D1DFD38006B1D89 /* Main.storyboard in Resources */ = {isa = PBXBuildFile; fileRef = D3EE570A1D1DFD38006B1D89 /* Main.storyboard */; };
		D3EE57141D1DFDB1006B1D89 /* GCPLifeView.swift in Sources */ = {isa = PBXBuildFile; fileRef = D3EE57131D1DFDB1006B1D89 /* GCPLifeView.swift */; };
		D3F318D21D1E4323004B9A5D /* Logo_Cloud_512px_Retina.png in Resources */ = {isa = PBXBuildFile; fileRef = D3F318D11D1E4323004B9A5D /* Logo_Cloud_512px_Retina.png */; };
		D3F318E51D1E60F1004B9A5D /* Logo_Cloud_512px_Retina.png in Resources */ = {isa = PBXBuildFile; fileRef = D3F318D11D1E4323004B9A5D /* Logo_Cloud_512px_Retina.png */; };
/* End PBXBuildFile section */

/* Begin PBXFileReference section */
		D3EE57011D1DFD38006B1D89 /* GCPLife.app */ = {isa = PBXFileReference; explicitFileType = wrapper.application; includeInIndex = 0; path = GCPLife.app; sourceTree = BUILT_PRODUCTS_DIR; };
		D3EE57041D1DFD38006B1D89 /* AppDelegate.swift */ = {isa = PBXFileReference; lastKnownFileType = sourcecode.swift; path = AppDelegate.swift; sourceTree = "<group>"; };
		D3EE57061D1DFD38006B1D89 /* ViewController.swift */ = {isa = PBXFileReference; lastKnownFileType = sourcecode.swift; path = ViewController.swift; sourceTree = "<group>"; };
		D3EE57081D1DFD38006B1D89 /* Assets.xcassets */ = {isa = PBXFileReference; lastKnownFileType = folder.assetcatalog; path = Assets.xcassets; sourceTree = "<group>"; };
		D3EE570B1D1DFD38006B1D89 /* Base */ = {isa = PBXFileReference; lastKnownFileType = file.storyboard; name = Base; path = Base.lproj/Main.storyboard; sourceTree = "<group>"; };
		D3EE570D1D1DFD38006B1D89 /* Info.plist */ = {isa = PBXFileReference; lastKnownFileType = text.plist.xml; path = Info.plist; sourceTree = "<group>"; };
		D3EE57131D1DFDB1006B1D89 /* GCPLifeView.swift */ = {isa = PBXFileReference; fileEncoding = 4; lastKnownFileType = sourcecode.swift; name = GCPLifeView.swift; path = GCPLife/GCPLifeView.swift; sourceTree = "<group>"; };
		D3F318D11D1E4323004B9A5D /* Logo_Cloud_512px_Retina.png */ = {isa = PBXFileReference; lastKnownFileType = image.png; name = Logo_Cloud_512px_Retina.png; path = GCPLife/Logo_Cloud_512px_Retina.png; sourceTree = "<group>"; };
		D3F318D81D1E5EEE004B9A5D /* GCPLifeSaver.saver */ = {isa = PBXFileReference; explicitFileType = wrapper.cfbundle; includeInIndex = 0; path = GCPLifeSaver.saver; sourceTree = BUILT_PRODUCTS_DIR; };
		D3F318DE1D1E5EEE004B9A5D /* Info.plist */ = {isa = PBXFileReference; lastKnownFileType = text.plist.xml; path = Info.plist; sourceTree = "<group>"; };
/* End PBXFileReference section */

/* Begin PBXFrameworksBuildPhase section */
		D3EE56FE1D1DFD38006B1D89 /* Frameworks */ = {
			isa = PBXFrameworksBuildPhase;
			buildActionMask = 2147483647;
			files = (
			);
			runOnlyForDeploymentPostprocessing = 0;
		};
		D3F318D41D1E5EEE004B9A5D /* Frameworks */ = {
			isa = PBXFrameworksBuildPhase;
			buildActionMask = 2147483647;
			files = (
			);
			runOnlyForDeploymentPostprocessing = 0;
		};
/* End PBXFrameworksBuildPhase section */

/* Begin PBXGroup section */
		D3EE56F81D1DFD38006B1D89 = {
			isa = PBXGroup;
			children = (
				D3EE57131D1DFDB1006B1D89 /* GCPLifeView.swift */,
				D3F318D11D1E4323004B9A5D /* Logo_Cloud_512px_Retina.png */,
				D3EE57031D1DFD38006B1D89 /* GCPLife */,
				D3F318D91D1E5EEE004B9A5D /* GCPLifeSaver */,
				D3EE57021D1DFD38006B1D89 /* Products */,
			);
			sourceTree = "<group>";
		};
		D3EE57021D1DFD38006B1D89 /* Products */ = {
			isa = PBXGroup;
			children = (
				D3EE57011D1DFD38006B1D89 /* GCPLife.app */,
				D3F318D81D1E5EEE004B9A5D /* GCPLifeSaver.saver */,
			);
			name = Products;
			sourceTree = "<group>";
		};
		D3EE57031D1DFD38006B1D89 /* GCPLife */ = {
			isa = PBXGroup;
			children = (
				D3EE57041D1DFD38006B1D89 /* AppDelegate.swift */,
				D3EE57061D1DFD38006B1D89 /* ViewController.swift */,
				D3EE57081D1DFD38006B1D89 /* Assets.xcassets */,
				D3EE570A1D1DFD38006B1D89 /* Main.storyboard */,
				D3EE570D1D1DFD38006B1D89 /* Info.plist */,
			);
			path = GCPLife;
			sourceTree = "<group>";
		};
		D3F318D91D1E5EEE004B9A5D /* GCPLifeSaver */ = {
			isa = PBXGroup;
			children = (
				D3F318DE1D1E5EEE004B9A5D /* Info.plist */,
			);
			path = GCPLifeSaver;
			sourceTree = "<group>";
		};
/* End PBXGroup section */

/* Begin PBXHeadersBuildPhase section */
		D3F318D51D1E5EEE004B9A5D /* Headers */ = {
			isa = PBXHeadersBuildPhase;
			buildActionMask = 2147483647;
			files = (
			);
			runOnlyForDeploymentPostprocessing = 0;
		};
/* End PBXHeadersBuildPhase section */

/* Begin PBXNativeTarget section */
		D3EE57001D1DFD38006B1D89 /* GCPLife */ = {
			isa = PBXNativeTarget;
			buildConfigurationList = D3EE57101D1DFD38006B1D89 /* Build configuration list for PBXNativeTarget "GCPLife" */;
			buildPhases = (
				D3EE56FD1D1DFD38006B1D89 /* Sources */,
				D3EE56FE1D1DFD38006B1D89 /* Frameworks */,
				D3EE56FF1D1DFD38006B1D89 /* Resources */,
			);
			buildRules = (
			);
			dependencies = (
			);
			name = GCPLife;
			productName = GCPLife;
			productReference = D3EE57011D1DFD38006B1D89 /* GCPLife.app */;
			productType = "com.apple.product-type.application";
		};
		D3F318D71D1E5EEE004B9A5D /* GCPLifeSaver */ = {
			isa = PBXNativeTarget;
			buildConfigurationList = D3F318DF1D1E5EEE004B9A5D /* Build configuration list for PBXNativeTarget "GCPLifeSaver" */;
			buildPhases = (
				D3F318D31D1E5EEE004B9A5D /* Sources */,
				D3F318D41D1E5EEE004B9A5D /* Frameworks */,
				D3F318D51D1E5EEE004B9A5D /* Headers */,
				D3F318D61D1E5EEE004B9A5D /* Resources */,
			);
			buildRules = (
			);
			dependencies = (
			);
			name = GCPLifeSaver;
			productName = GCPLifeSaver;
			productReference = D3F318D81D1E5EEE004B9A5D /* GCPLifeSaver.saver */;
			productType = "com.apple.product-type.bundle";
		};
/* End PBXNativeTarget section */

/* Begin PBXProject section */
		D3EE56F91D1DFD38006B1D89 /* Project object */ = {
			isa = PBXProject;
			attributes = {
				LastSwiftUpdateCheck = 0800;
				LastUpgradeCheck = 0800;
				ORGANIZATIONNAME = Google;
				TargetAttributes = {
					D3EE57001D1DFD38006B1D89 = {
						CreatedOnToolsVersion = 8.0;
						DevelopmentTeam = EQHXZ8M8AV;
						DevelopmentTeamName = "Google, Inc.";
						LastSwiftMigration = 0800;
						ProvisioningStyle = Automatic;
					};
					D3F318D71D1E5EEE004B9A5D = {
						CreatedOnToolsVersion = 8.0;
						DevelopmentTeam = EQHXZ8M8AV;
						DevelopmentTeamName = "Google, Inc.";
						LastSwiftMigration = 0800;
						ProvisioningStyle = Automatic;
					};
				};
			};
			buildConfigurationList = D3EE56FC1D1DFD38006B1D89 /* Build configuration list for PBXProject "GCPLifeSaver" */;
			compatibilityVersion = "Xcode 3.2";
			developmentRegion = English;
			hasScannedForEncodings = 0;
			knownRegions = (
				en,
				Base,
			);
			mainGroup = D3EE56F81D1DFD38006B1D89;
			productRefGroup = D3EE57021D1DFD38006B1D89 /* Products */;
			projectDirPath = "";
			projectRoot = "";
			targets = (
				D3EE57001D1DFD38006B1D89 /* GCPLife */,
				D3F318D71D1E5EEE004B9A5D /* GCPLifeSaver */,
			);
		};
/* End PBXProject section */

/* Begin PBXResourcesBuildPhase section */
		D3EE56FF1D1DFD38006B1D89 /* Resources */ = {
			isa = PBXResourcesBuildPhase;
			buildActionMask = 2147483647;
			files = (
				D3EE57091D1DFD38006B1D89 /* Assets.xcassets in Resources */,
				D3F318D21D1E4323004B9A5D /* Logo_Cloud_512px_Retina.png in Resources */,
				D3EE570C1D1DFD38006B1D89 /* Main.storyboard in Resources */,
			);
			runOnlyForDeploymentPostprocessing = 0;
		};
		D3F318D61D1E5EEE004B9A5D /* Resources */ = {
			isa = PBXResourcesBuildPhase;
			buildActionMask = 2147483647;
			files = (
				D3F318E51D1E60F1004B9A5D /* Logo_Cloud_512px_Retina.png in Resources */,
			);
			runOnlyForDeploymentPostprocessing = 0;
		};
/* End PBXResourcesBuildPhase section */

/* Begin PBXSourcesBuildPhase section */
		D3EE56FD1D1DFD38006B1D89 /* Sources */ = {
			isa = PBXSourcesBuildPhase;
			buildActionMask = 2147483647;
			files = (
				D3EE57141D1DFDB1006B1D89 /* GCPLifeView.swift in Sources */,
				D3EE57071D1DFD38006B1D89 /* ViewController.swift in Sources */,
				D3EE57051D1DFD38006B1D89 /* AppDelegate.swift in Sources */,
			);
			runOnlyForDeploymentPostprocessing = 0;
		};
		D3F318D31D1E5EEE004B9A5D /* Sources */ = {
			isa = PBXSourcesBuildPhase;
			buildActionMask = 2147483647;
			files = (
				D33ECD6A1D1EE603008E2547 /* GCPLifeView.swift in Sources */,
			);
			runOnlyForDeploymentPostprocessing = 0;
		};
/* End PBXSourcesBuildPhase section */

/* Begin PBXVariantGroup section */
		D3EE570A1D1DFD38006B1D89 /* Main.storyboard */ = {
			isa = PBXVariantGroup;
			children = (
				D3EE570B1D1DFD38006B1D89 /* Base */,
			);
			name = Main.storyboard;
			sourceTree = "<group>";
		};
/* End PBXVariantGroup section */

/* Begin XCBuildConfiguration section */
		D3EE570E1D1DFD38006B1D89 /* Debug */ = {
			isa = XCBuildConfiguration;
			buildSettings = {
				ALWAYS_SEARCH_USER_PATHS = NO;
				CLANG_ANALYZER_NONNULL = YES;
				CLANG_CXX_LANGUAGE_STANDARD = "gnu++0x";
				CLANG_CXX_LIBRARY = "libc++";
				CLANG_ENABLE_MODULES = YES;
				CLANG_ENABLE_OBJC_ARC = YES;
				CLANG_WARN_BOOL_CONVERSION = YES;
				CLANG_WARN_CONSTANT_CONVERSION = YES;
				CLANG_WARN_DIRECT_OBJC_ISA_USAGE = YES_ERROR;
				CLANG_WARN_DOCUMENTATION_COMMENTS = YES;
				CLANG_WARN_EMPTY_BODY = YES;
				CLANG_WARN_ENUM_CONVERSION = YES;
				CLANG_WARN_INT_CONVERSION = YES;
				CLANG_WARN_OBJC_ROOT_CLASS = YES_ERROR;
				CLANG_WARN_UNREACHABLE_CODE = YES;
				CLANG_WARN__DUPLICATE_METHOD_MATCH = YES;
				CODE_SIGN_IDENTITY = "-";
				COPY_PHASE_STRIP = NO;
				DEBUG_INFORMATION_FORMAT = dwarf;
				ENABLE_STRICT_OBJC_MSGSEND = YES;
				ENABLE_TESTABILITY = YES;
				GCC_C_LANGUAGE_STANDARD = gnu99;
				GCC_DYNAMIC_NO_PIC = NO;
				GCC_NO_COMMON_BLOCKS = YES;
				GCC_OPTIMIZATION_LEVEL = 0;
				GCC_PREPROCESSOR_DEFINITIONS = (
					"DEBUG=1",
					"$(inherited)",
				);
				GCC_WARN_64_TO_32_BIT_CONVERSION = YES;
				GCC_WARN_ABOUT_RETURN_TYPE = YES_ERROR;
				GCC_WARN_UNDECLARED_SELECTOR = YES;
				GCC_WARN_UNINITIALIZED_AUTOS = YES_AGGRESSIVE;
				GCC_WARN_UNUSED_FUNCTION = YES;
				GCC_WARN_UNUSED_VARIABLE = YES;
				MACOSX_DEPLOYMENT_TARGET = 10.11;
				MTL_ENABLE_DEBUG_INFO = YES;
				ONLY_ACTIVE_ARCH = YES;
				SDKROOT = macosx;
				SWIFT_ACTIVE_COMPILATION_CONDITIONS = DEBUG;
				SWIFT_OPTIMIZATION_LEVEL = "-Onone";
			};
			name = Debug;
		};
		D3EE570F1D1DFD38006B1D89 /* Release */ = {
			isa = XCBuildConfiguration;
			buildSettings = {
				ALWAYS_SEARCH_USER_PATHS = NO;
				CLANG_ANALYZER_NONNULL = YES;
				CLANG_CXX_LANGUAGE_STANDARD = "gnu++0x";
				CLANG_CXX_LIBRARY = "libc++";
				CLANG_ENABLE_MODULES = YES;
				CLANG_ENABLE_OBJC_ARC = YES;
				CLANG_WARN_BOOL_CONVERSION = YES;
				CLANG_WARN_CONSTANT_CONVERSION = YES;
				CLANG_WARN_DIRECT_OBJC_ISA_USAGE = YES_ERROR;
				CLANG_WARN_DOCUMENTATION_COMMENTS = YES;
				CLANG_WARN_EMPTY_BODY = YES;
				CLANG_WARN_ENUM_CONVERSION = YES;
				CLANG_WARN_INT_CONVERSION = YES;
				CLANG_WARN_OBJC_ROOT_CLASS = YES_ERROR;
				CLANG_WARN_UNREACHABLE_CODE = YES;
				CLANG_WARN__DUPLICATE_METHOD_MATCH = YES;
				CODE_SIGN_IDENTITY = "-";
				COPY_PHASE_STRIP = NO;
				DEBUG_INFORMATION_FORMAT = "dwarf-with-dsym";
				ENABLE_NS_ASSERTIONS = NO;
				ENABLE_STRICT_OBJC_MSGSEND = YES;
				GCC_C_LANGUAGE_STANDARD = gnu99;
				GCC_NO_COMMON_BLOCKS = YES;
				GCC_WARN_64_TO_32_BIT_CONVERSION = YES;
				GCC_WARN_ABOUT_RETURN_TYPE = YES_ERROR;
				GCC_WARN_UNDECLARED_SELECTOR = YES;
				GCC_WARN_UNINITIALIZED_AUTOS = YES_AGGRESSIVE;
				GCC_WARN_UNUSED_FUNCTION = YES;
				GCC_WARN_UNUSED_VARIABLE = YES;
				MACOSX_DEPLOYMENT_TARGET = 10.11;
				MTL_ENABLE_DEBUG_INFO = NO;
				SDKROOT = macosx;
				SWIFT_OPTIMIZATION_LEVEL = "-Owholemodule";
			};
			name = Release;
		};
		D3EE57111D1DFD38006B1D89 /* Debug */ = {
			isa = XCBuildConfiguration;
			buildSettings = {
				ASSETCATALOG_COMPILER_APPICON_NAME = AppIcon;
				COMBINE_HIDPI_IMAGES = YES;
				INFOPLIST_FILE = GCPLife/Info.plist;
				LD_RUNPATH_SEARCH_PATHS = "$(inherited) @executable_path/../Frameworks";
				PRODUCT_BUNDLE_IDENTIFIER = com.google.GCPLife;
				PRODUCT_NAME = "$(TARGET_NAME)";
				SWIFT_VERSION = 3.0;
			};
			name = Debug;
		};
		D3EE57121D1DFD38006B1D89 /* Release */ = {
			isa = XCBuildConfiguration;
			buildSettings = {
				ASSETCATALOG_COMPILER_APPICON_NAME = AppIcon;
				COMBINE_HIDPI_IMAGES = YES;
				INFOPLIST_FILE = GCPLife/Info.plist;
				LD_RUNPATH_SEARCH_PATHS = "$(inherited) @executable_path/../Frameworks";
				PRODUCT_BUNDLE_IDENTIFIER = com.google.GCPLife;
				PRODUCT_NAME = "$(TARGET_NAME)";
				SWIFT_VERSION = 3.0;
			};
			name = Release;
		};
		D3F318E01D1E5EEE004B9A5D /* Debug */ = {
			isa = XCBuildConfiguration;
			buildSettings = {
				ALWAYS_EMBED_SWIFT_STANDARD_LIBRARIES = YES;
				CLANG_ENABLE_MODULES = YES;
				CODE_SIGN_IDENTITY = "";
				COMBINE_HIDPI_IMAGES = YES;
				EMBEDDED_CONTENT_CONTAINS_SWIFT = YES;
				INFOPLIST_FILE = GCPLifeSaver/Info.plist;
				INSTALL_PATH = "$(HOME)/Library/Screen Savers";
				LD_RUNPATH_SEARCH_PATHS = "$(inherited) @executable_path/../Frameworks @loader_path/../Frameworks";
				MACOSX_DEPLOYMENT_TARGET = 10.11;
				PRODUCT_BUNDLE_IDENTIFIER = com.google.GCPLifeSaver;
				PRODUCT_NAME = "$(TARGET_NAME)";
				SWIFT_OPTIMIZATION_LEVEL = "-Onone";
				SWIFT_VERSION = 3.0;
				WRAPPER_EXTENSION = saver;
			};
			name = Debug;
		};
		D3F318E11D1E5EEE004B9A5D /* Release */ = {
			isa = XCBuildConfiguration;
			buildSettings = {
				ALWAYS_EMBED_SWIFT_STANDARD_LIBRARIES = YES;
				CLANG_ENABLE_MODULES = YES;
				CODE_SIGN_IDENTITY = "";
				COMBINE_HIDPI_IMAGES = YES;
				EMBEDDED_CONTENT_CONTAINS_SWIFT = YES;
				INFOPLIST_FILE = GCPLifeSaver/Info.plist;
				INSTALL_PATH = "$(HOME)/Library/Screen Savers";
				LD_RUNPATH_SEARCH_PATHS = "$(inherited) @executable_path/../Frameworks @loader_path/../Frameworks";
				MACOSX_DEPLOYMENT_TARGET = 10.11;
				PRODUCT_BUNDLE_IDENTIFIER = com.google.GCPLifeSaver;
				PRODUCT_NAME = "$(TARGET_NAME)";
				SWIFT_VERSION = 3.0;
				WRAPPER_EXTENSION = saver;
			};
			name = Release;
		};
/* End XCBuildConfiguration section */

/* Begin XCConfigurationList section */
		D3EE56FC1D1DFD38006B1D89 /* Build configuration list for PBXProject "GCPLifeSaver" */ = {
			isa = XCConfigurationList;
			buildConfigurations = (
				D3EE570E1D1DFD38006B1D89 /* Debug */,
				D3EE570F1D1DFD38006B1D89 /* Release */,
			);
			defaultConfigurationIsVisible = 0;
			defaultConfigurationName = Release;
		};
		D3EE57101D1DFD38006B1D89 /* Build configuration list for PBXNativeTarget "GCPLife" */ = {
			isa = XCConfigurationList;
			buildConfigurations = (
				D3EE57111D1DFD38006B1D89 /* Debug */,
				D3EE57121D1DFD38006B1D89 /* Release */,
			);
			defaultConfigurationIsVisible = 0;
			defaultConfigurationName = Release;
		};
		D3F318DF1D1E5EEE004B9A5D /* Build configuration list for PBXNativeTarget "GCPLifeSaver" */ = {
			isa = XCConfigurationList;
			buildConfigurations = (
				D3F318E01D1E5EEE004B9A5D /* Debug */,
				D3F318E11D1E5EEE004B9A5D /* Release */,
			);
			defaultConfigurationIsVisible = 0;
			defaultConfigurationName = Release;
		};
/* End XCConfigurationList section */
	};
	rootObject = D3EE56F91D1DFD38006B1D89 /* Project object */;
}
